
Microsoft Visual Studio Solution File, Format Version 12.00
# Visual Studio 15
Project("{FAE04EC0-301F-11D3-BF4B-00C04F79EFBC}") = "Assembly-CSharp-firstpass", "Assembly-CSharp-firstpass.csproj", "{8E48008C-C97E-C343-EA56-CEEC7C0ADB6A}"
EndProject
Project("{FAE04EC0-301F-11D3-BF4B-00C04F79EFBC}") = "Assembly-CSharp", "Assembly-CSharp.csproj", "{D88A5D73-D75C-9AC8-9BE7-E0719C2F99CE}"
EndProject
Project("{FAE04EC0-301F-11D3-BF4B-00C04F79EFBC}") = "Assembly-CSharp-Editor-firstpass", "Assembly-CSharp-Editor-firstpass.csproj", "{133EBCC6-4460-863A-93A0-862372DF6605}"
EndProject
Global
	GlobalSection(SolutionConfigurationPlatforms) = preSolution
		Debug|Any CPU = Debug|Any CPU
		Release|Any CPU = Release|Any CPU
	EndGlobalSection
	GlobalSection(ProjectConfigurationPlatforms) = postSolution
		{8E48008C-C97E-C343-EA56-CEEC7C0ADB6A}.Debug|Any CPU.ActiveCfg = Debug|Any CPU
		{8E48008C-C97E-C343-EA56-CEEC7C0ADB6A}.Debug|Any CPU.Build.0 = Debug|Any CPU
		{8E48008C-C97E-C343-EA56-CEEC7C0ADB6A}.Release|Any CPU.ActiveCfg = Release|Any CPU
		{8E48008C-C97E-C343-EA56-CEEC7C0ADB6A}.Release|Any CPU.Build.0 = Release|Any CPU
		{D88A5D73-D75C-9AC8-9BE7-E0719C2F99CE}.Debug|Any CPU.ActiveCfg = Debug|Any CPU
		{D88A5D73-D75C-9AC8-9BE7-E0719C2F99CE}.Debug|Any CPU.Build.0 = Debug|Any CPU
		{D88A5D73-D75C-9AC8-9BE7-E0719C2F99CE}.Release|Any CPU.ActiveCfg = Release|Any CPU
		{D88A5D73-D75C-9AC8-9BE7-E0719C2F99CE}.Release|Any CPU.Build.0 = Release|Any CPU
		{133EBCC6-4460-863A-93A0-862372DF6605}.Debug|Any CPU.ActiveCfg = Debug|Any CPU
		{133EBCC6-4460-863A-93A0-862372DF6605}.Debug|Any CPU.Build.0 = Debug|Any CPU
		{133EBCC6-4460-863A-93A0-862372DF6605}.Release|Any CPU.ActiveCfg = Release|Any CPU
		{133EBCC6-4460-863A-93A0-862372DF6605}.Release|Any CPU.Build.0 = Release|Any CPU
	EndGlobalSection
	GlobalSection(SolutionProperties) = preSolution
		HideSolutionNode = FALSE
	EndGlobalSection
EndGlobal
